
Microsoft Visual Studio Solution File, Format Version 12.00
# Visual Studio Version 16
VisualStudioVersion = 16.0.31321.278
MinimumVisualStudioVersion = 10.0.40219.1
Project("{FAE04EC0-301F-11D3-BF4B-00C04F79EFBC}") = "LockStep", "LockStep.csproj", "{89EE2E58-BAE8-422D-B329-B8983886278E}"
EndProject
Global
	GlobalSection(SolutionConfigurationPlatforms) = preSolution
		Debug|Any CPU = Debug|Any CPU
		Release|Any CPU = Release|Any CPU
	EndGlobalSection
	GlobalSection(ProjectConfigurationPlatforms) = postSolution
		{89EE2E58-BAE8-422D-B329-B8983886278E}.Debug|Any CPU.ActiveCfg = Debug|Any CPU
		{89EE2E58-BAE8-422D-B329-B8983886278E}.Debug|Any CPU.Build.0 = Debug|Any CPU
		{89EE2E58-BAE8-422D-B329-B8983886278E}.Release|Any CPU.ActiveCfg = Release|Any CPU
		{89EE2E58-BAE8-422D-B329-B8983886278E}.Release|Any CPU.Build.0 = Release|Any CPU
	EndGlobalSection
	GlobalSection(SolutionProperties) = preSolution
		HideSolutionNode = FALSE
	EndGlobalSection
	GlobalSection(ExtensibilityGlobals) = postSolution
		SolutionGuid = {ECEA1BF3-3C87-491C-89BB-DD7089E5BB7F}
	EndGlobalSection
EndGlobal
